
Microsoft Visual Studio Solution File, Format Version 12.00
# Visual Studio 15
VisualStudioVersion = 15.0.26730.16
MinimumVisualStudioVersion = 10.0.40219.1
Project("{8BC9CEB8-8B4A-11D0-8D11-00A0C91BC942}") = "CoolRender", "CoolRender.vcxproj", "{433E9031-0101-4ADF-A6DA-283375FD1898}"
EndProject
Global
	GlobalSection(SolutionConfigurationPlatforms) = preSolution
		Debug|x86 = Debug|x86
		Release|x86 = Release|x86
	EndGlobalSection
	GlobalSection(ProjectConfigurationPlatforms) = postSolution
		{433E9031-0101-4ADF-A6DA-283375FD1898}.Debug|x86.ActiveCfg = Debug|Win32
		{433E9031-0101-4ADF-A6DA-283375FD1898}.Debug|x86.Build.0 = Debug|Win32
		{433E9031-0101-4ADF-A6DA-283375FD1898}.Release|x86.ActiveCfg = Release|Win32
		{433E9031-0101-4ADF-A6DA-283375FD1898}.Release|x86.Build.0 = Release|Win32
	EndGlobalSection
	GlobalSection(SolutionProperties) = preSolution
		HideSolutionNode = FALSE
	EndGlobalSection
	GlobalSection(ExtensibilityGlobals) = postSolution
		SolutionGuid = {BCE1590F-7CBA-41A2-8D19-58C2DC3AF743}
	EndGlobalSection
EndGlobal
