<?xml version="1.0" encoding="utf-8"?>
<Project ToolsVersion="15.0" xmlns="http://schemas.microsoft.com/developer/msbuild/2003">
  <ItemGroup>
    <Filter Include="头文件">
      <UniqueIdentifier>{b31b3cfe-a625-4cfa-a513-fae959dcada1}</UniqueIdentifier>
    </Filter>
    <Filter Include="源文件">
      <UniqueIdentifier>{ea3d81e0-b492-439b-ab44-06aea43559f9}</UniqueIdentifier>
    </Filter>
    <Filter Include="Raytracer">
      <UniqueIdentifier>{d481cd71-35fd-43a9-80c7-91468b182931}</UniqueIdentifier>
    </Filter>
    <Filter Include="Raytracer\H">
      <UniqueIdentifier>{b9e527fd-4287-4047-9f1f-f2c2f549c6ac}</UniqueIdentifier>
    </Filter>
    <Filter Include="Test">
      <UniqueIdentifier>{68ab0c33-a9b5-4f33-a0e3-6ae195380a4f}</UniqueIdentifier>
    </Filter>
  </ItemGroup>
  <ItemGroup>
    <ClCompile Include="render\CoolRenerMain.cpp" />
    <ClCompile Include="render\Camera.cpp">
      <Filter>源文件</Filter>
    </ClCompile>
    <ClCompile Include="render\CMaterail.cpp">
      <Filter>源文件</Filter>
    </ClCompile>
    <ClCompile Include="render\Lights.cpp">
      <Filter>源文件</Filter>
    </ClCompile>
    <ClCompile Include="render\Pipline.cpp">
      <Filter>源文件</Filter>
    </ClCompile>
    <ClCompile Include="render\renderMath.cpp">
      <Filter>源文件</Filter>
    </ClCompile>
    <ClCompile Include="render\Scene.cpp">
      <Filter>源文件</Filter>
    </ClCompile>
    <ClCompile Include="render\ShadingCalculate.cpp">
      <Filter>源文件</Filter>
    </ClCompile>
    <ClCompile Include="render\geometry.cpp">
      <Filter>源文件</Filter>
    </ClCompile>
    <ClCompile Include="render\Model.cpp">
      <Filter>源文件</Filter>
    </ClCompile>
    <ClCompile Include="render\tgaimage.cpp">
      <Filter>源文件</Filter>
    </ClCompile>
    <ClCompile Include="render\Shader.cpp">
      <Filter>源文件</Filter>
    </ClCompile>
  </ItemGroup>
  <ItemGroup>
    <ClInclude Include="render\LineDrawTest.h">
      <Filter>Test</Filter>
    </ClInclude>
    <ClInclude Include="render\Pipline.h">
      <Filter>头文件</Filter>
    </ClInclude>
    <ClInclude Include="render\renderMath.h">
      <Filter>头文件</Filter>
    </ClInclude>
    <ClInclude Include="render\ShadingCalculate.h">
      <Filter>头文件</Filter>
    </ClInclude>
    <ClInclude Include="render\CMaterail.h">
      <Filter>头文件</Filter>
    </ClInclude>
    <ClInclude Include="render\Lights.h">
      <Filter>头文件</Filter>
    </ClInclude>
    <ClInclude Include="render\Scene.h">
      <Filter>头文件</Filter>
    </ClInclude>
    <ClInclude Include="render\Camera.h">
      <Filter>头文件</Filter>
    </ClInclude>
    <ClInclude Include="render\geometry.h">
      <Filter>头文件</Filter>
    </ClInclude>
    <ClInclude Include="render\Model.h">
      <Filter>头文件</Filter>
    </ClInclude>
    <ClInclude Include="render\tgaimage.h">
      <Filter>头文件</Filter>
    </ClInclude>
    <ClInclude Include="render\TriangleDrawTest.h">
      <Filter>Test</Filter>
    </ClInclude>
    <ClInclude Include="render\Shader.h">
      <Filter>头文件</Filter>
    </ClInclude>
  </ItemGroup>
</Project>